
Microsoft Visual Studio Solution File, Format Version 12.00
# Visual Studio Version 17
VisualStudioVersion = 17.14.36908.2 d17.14
MinimumVisualStudioVersion = 10.0.40219.1
Project("{FAE04EC0-301F-11D3-BF4B-00C04F79EFBC}") = "VinculoComUC5", "VinculoComUC5.csproj", "{A7EDE4C9-4D56-4F31-9D89-F5CAE4472B44}"
EndProject
Global
	GlobalSection(SolutionConfigurationPlatforms) = preSolution
		Debug|Any CPU = Debug|Any CPU
		Release|Any CPU = Release|Any CPU
	EndGlobalSection
	GlobalSection(ProjectConfigurationPlatforms) = postSolution
		{A7EDE4C9-4D56-4F31-9D89-F5CAE4472B44}.Debug|Any CPU.ActiveCfg = Debug|Any CPU
		{A7EDE4C9-4D56-4F31-9D89-F5CAE4472B44}.Debug|Any CPU.Build.0 = Debug|Any CPU
		{A7EDE4C9-4D56-4F31-9D89-F5CAE4472B44}.Release|Any CPU.ActiveCfg = Release|Any CPU
		{A7EDE4C9-4D56-4F31-9D89-F5CAE4472B44}.Release|Any CPU.Build.0 = Release|Any CPU
	EndGlobalSection
	GlobalSection(SolutionProperties) = preSolution
		HideSolutionNode = FALSE
	EndGlobalSection
	GlobalSection(ExtensibilityGlobals) = postSolution
		SolutionGuid = {958E4DBA-D716-4F79-B7F7-A99D7FE203D4}
	EndGlobalSection
EndGlobal
